<?xml version="1.0" encoding="utf-8"?>
<Project ToolsVersion="4.0" xmlns="http://schemas.microsoft.com/developer/msbuild/2003">
  <ItemGroup>
    <Filter Include="win32">
      <UniqueIdentifier>{84a8ebd7-7cf0-47f6-b75e-d441df67da40}</UniqueIdentifier>
    </Filter>
    <Filter Include="resource">
      <UniqueIdentifier>{715254bc-d70b-4ec5-bf29-467dd3ace079}</UniqueIdentifier>
    </Filter>
    <Filter Include="src">
      <UniqueIdentifier>{bb6c862e-70e9-49d9-81b7-3829a6f50471}</UniqueIdentifier>
    </Filter>
    <Filter Include="src\Scene">
      <UniqueIdentifier>{d16e1ecb-303b-44ee-b2df-80a1d23ea0a0}</UniqueIdentifier>
    </Filter>
    <Filter Include="src\Object">
      <UniqueIdentifier>{481e0efa-4190-47bd-acc7-84863b223266}</UniqueIdentifier>
    </Filter>
    <Filter Include="src\Stage">
      <UniqueIdentifier>{ac81fa18-aa82-461f-a226-8fa94f4e9bbc}</UniqueIdentifier>
    </Filter>
  </ItemGroup>
  <ItemGroup>
    <ClCompile Include="main.cpp">
      <Filter>win32</Filter>
    </ClCompile>
    <ClCompile Include="..\Classes\AppDelegate.cpp">
      <Filter>src</Filter>
    </ClCompile>
    <ClCompile Include="..\Classes\GLESDebugDraw.cpp">
      <Filter>src</Filter>
    </ClCompile>
    <ClCompile Include="..\Classes\EventListenerGesture.cpp">
      <Filter>src</Filter>
    </ClCompile>
    <ClCompile Include="..\Classes\DebugDrawNode.cpp">
      <Filter>src</Filter>
    </ClCompile>
    <ClCompile Include="..\Classes\GameSystem.cpp">
      <Filter>src</Filter>
    </ClCompile>
    <ClCompile Include="..\Classes\Stage\StageManager.cpp">
      <Filter>src\Stage</Filter>
    </ClCompile>
    <ClCompile Include="..\Classes\Object\BoxSlider.cpp">
      <Filter>src\Object</Filter>
    </ClCompile>
    <ClCompile Include="..\Classes\Object\Bucket.cpp">
      <Filter>src\Object</Filter>
    </ClCompile>
    <ClCompile Include="..\Classes\Object\Paint.cpp">
      <Filter>src\Object</Filter>
    </ClCompile>
    <ClCompile Include="..\Classes\Scene\GameClearScene.cpp">
      <Filter>src\Scene</Filter>
    </ClCompile>
    <ClCompile Include="..\Classes\Scene\GameMenu.cpp">
      <Filter>src\Scene</Filter>
    </ClCompile>
    <ClCompile Include="..\Classes\Scene\LogoScene.cpp">
      <Filter>src\Scene</Filter>
    </ClCompile>
    <ClCompile Include="..\Classes\Scene\PlayScene.cpp">
      <Filter>src\Scene</Filter>
    </ClCompile>
    <ClCompile Include="..\Classes\Scene\RuleScene.cpp">
      <Filter>src\Scene</Filter>
    </ClCompile>
    <ClCompile Include="..\Classes\Scene\StageSelectScene.cpp">
      <Filter>src\Scene</Filter>
    </ClCompile>
    <ClCompile Include="..\Classes\Scene\TitleScene.cpp">
      <Filter>src\Scene</Filter>
    </ClCompile>
    <ClCompile Include="..\Classes\Scene\Tutorial.cpp">
      <Filter>src\Scene</Filter>
    </ClCompile>
  </ItemGroup>
  <ItemGroup>
    <ClInclude Include="main.h">
      <Filter>win32</Filter>
    </ClInclude>
    <ClInclude Include="..\Classes\AppDelegate.h">
      <Filter>src</Filter>
    </ClInclude>
    <ClInclude Include="..\Classes\GLESDebugDraw.h">
      <Filter>src</Filter>
    </ClInclude>
    <ClInclude Include="..\Classes\EventListenerGesture.h">
      <Filter>src</Filter>
    </ClInclude>
    <ClInclude Include="..\Classes\DebugDrawNode.h">
      <Filter>src</Filter>
    </ClInclude>
    <ClInclude Include="..\Classes\GameSystem.h">
      <Filter>src</Filter>
    </ClInclude>
    <ClInclude Include="..\Classes\Stage\StageManager.h">
      <Filter>src\Stage</Filter>
    </ClInclude>
    <ClInclude Include="..\Classes\Object\BoxSlider.h">
      <Filter>src\Object</Filter>
    </ClInclude>
    <ClInclude Include="..\Classes\Object\Bucket.h">
      <Filter>src\Object</Filter>
    </ClInclude>
    <ClInclude Include="..\Classes\Object\Paint.h">
      <Filter>src\Object</Filter>
    </ClInclude>
    <ClInclude Include="..\Classes\Scene\GameClearScene.h">
      <Filter>src\Scene</Filter>
    </ClInclude>
    <ClInclude Include="..\Classes\Scene\GameMenu.h">
      <Filter>src\Scene</Filter>
    </ClInclude>
    <ClInclude Include="..\Classes\Scene\LogoScene.h">
      <Filter>src\Scene</Filter>
    </ClInclude>
    <ClInclude Include="..\Classes\Scene\PlayScene.h">
      <Filter>src\Scene</Filter>
    </ClInclude>
    <ClInclude Include="..\Classes\Scene\RuleScene.h">
      <Filter>src\Scene</Filter>
    </ClInclude>
    <ClInclude Include="..\Classes\Scene\StageSelectScene.h">
      <Filter>src\Scene</Filter>
    </ClInclude>
    <ClInclude Include="..\Classes\Scene\TitleScene.h">
      <Filter>src\Scene</Filter>
    </ClInclude>
    <ClInclude Include="..\Classes\Scene\Tutorial.h">
      <Filter>src\Scene</Filter>
    </ClInclude>
  </ItemGroup>
  <ItemGroup>
    <ResourceCompile Include="game.rc">
      <Filter>resource</Filter>
    </ResourceCompile>
  </ItemGroup>
</Project>